// !$*UTF8*$!
{
	archiveVersion = 1;
	classes = {
	};
	objectVersion = 51;
	objects = {

/* Begin PBXBuildFile section */
		26F87F274C612BC988C1243A /* Pods_SmartMove_Demo.framework in Frameworks */ = {isa = PBXBuildFile; fileRef = C3F86EDBEA6D5C316AFDB77A /* Pods_SmartMove_Demo.framework */; };
		F4040B63233B4899009D3F3C /* AppDelegate.swift in Sources */ = {isa = PBXBuildFile; fileRef = F4040B62233B4899009D3F3C /* AppDelegate.swift */; };
		F4040B67233B4899009D3F3C /* ViewController.swift in Sources */ = {isa = PBXBuildFile; fileRef = F4040B66233B4899009D3F3C /* ViewController.swift */; };
		F4040B6A233B4899009D3F3C /* Main.storyboard in Resources */ = {isa = PBXBuildFile; fileRef = F4040B68233B4899009D3F3C /* Main.storyboard */; };
		F4040B6C233B489B009D3F3C /* Assets.xcassets in Resources */ = {isa = PBXBuildFile; fileRef = F4040B6B233B489B009D3F3C /* Assets.xcassets */; };
		F4040B6F233B489B009D3F3C /* LaunchScreen.storyboard in Resources */ = {isa = PBXBuildFile; fileRef = F4040B6D233B489B009D3F3C /* LaunchScreen.storyboard */; };
		F4040B78233B4A6A009D3F3C /* Map.swift in Sources */ = {isa = PBXBuildFile; fileRef = F4040B77233B4A6A009D3F3C /* Map.swift */; };
		F4040B7A233B4CF4009D3F3C /* SceneDelegate.swift in Sources */ = {isa = PBXBuildFile; fileRef = F4040B79233B4CF4009D3F3C /* SceneDelegate.swift */; };
		F4040B7C233B5040009D3F3C /* mapstyle.json in Resources */ = {isa = PBXBuildFile; fileRef = F4040B7B233B5040009D3F3C /* mapstyle.json */; };
		F4040B7E233B55B6009D3F3C /* MapPin.swift in Sources */ = {isa = PBXBuildFile; fileRef = F4040B7D233B55B6009D3F3C /* MapPin.swift */; };
		F4040B80233B56C8009D3F3C /* point.json in Resources */ = {isa = PBXBuildFile; fileRef = F4040B7F233B56C8009D3F3C /* point.json */; };
		F4040B84233B65DB009D3F3C /* PinLocations.swift in Sources */ = {isa = PBXBuildFile; fileRef = F4040B83233B65DB009D3F3C /* PinLocations.swift */; };
		F4040B87233B8034009D3F3C /* DataManager.swift in Sources */ = {isa = PBXBuildFile; fileRef = F4040B86233B8034009D3F3C /* DataManager.swift */; };
		F4040B89233B976C009D3F3C /* CarItem.swift in Sources */ = {isa = PBXBuildFile; fileRef = F4040B88233B976C009D3F3C /* CarItem.swift */; };
		F42BB335233DFAF3006CD20C /* UIImage+Extension.swift in Sources */ = {isa = PBXBuildFile; fileRef = F42BB334233DFAF2006CD20C /* UIImage+Extension.swift */; };
		F443F686234E01DE002877D7 /* Extension_GoogleMaps.swift in Sources */ = {isa = PBXBuildFile; fileRef = F443F685234E01DE002877D7 /* Extension_GoogleMaps.swift */; };
		F46ABCCC2347614900DC4B78 /* RounterView.xib in Resources */ = {isa = PBXBuildFile; fileRef = F46ABCCB2347614900DC4B78 /* RounterView.xib */; };
		F46ABCD0234765B100DC4B78 /* RounterView.swift in Sources */ = {isa = PBXBuildFile; fileRef = F46ABCCF234765B100DC4B78 /* RounterView.swift */; };
		F47677732350889F00C2C297 /* SliderUpView.storyboard in Resources */ = {isa = PBXBuildFile; fileRef = F47677722350889F00C2C297 /* SliderUpView.storyboard */; };
		F4767775235088B000C2C297 /* SliderUpView.swift in Sources */ = {isa = PBXBuildFile; fileRef = F4767774235088B000C2C297 /* SliderUpView.swift */; };
		F4B327D5235095CA00416433 /* UIClosureActionClosure.swift in Sources */ = {isa = PBXBuildFile; fileRef = F4B327D4235095CA00416433 /* UIClosureActionClosure.swift */; };
		F4EF004F233CC69400F3E4F9 /* GoogleMap.swift in Sources */ = {isa = PBXBuildFile; fileRef = F4EF004E233CC69400F3E4F9 /* GoogleMap.swift */; };
		F4EF0051233CCDE000F3E4F9 /* style.json in Resources */ = {isa = PBXBuildFile; fileRef = F4EF0050233CCDE000F3E4F9 /* style.json */; };
/* End PBXBuildFile section */

/* Begin PBXFileReference section */
		87453B48DE9701353DAAE172 /* Pods-SmartMove_Demo.release.xcconfig */ = {isa = PBXFileReference; includeInIndex = 1; lastKnownFileType = text.xcconfig; name = "Pods-SmartMove_Demo.release.xcconfig"; path = "Target Support Files/Pods-SmartMove_Demo/Pods-SmartMove_Demo.release.xcconfig"; sourceTree = "<group>"; };
		C3F86EDBEA6D5C316AFDB77A /* Pods_SmartMove_Demo.framework */ = {isa = PBXFileReference; explicitFileType = wrapper.framework; includeInIndex = 0; path = Pods_SmartMove_Demo.framework; sourceTree = BUILT_PRODUCTS_DIR; };
		CD75BE82AD72DF99062CE3D2 /* Pods-SmartMove_Demo.debug.xcconfig */ = {isa = PBXFileReference; includeInIndex = 1; lastKnownFileType = text.xcconfig; name = "Pods-SmartMove_Demo.debug.xcconfig"; path = "Target Support Files/Pods-SmartMove_Demo/Pods-SmartMove_Demo.debug.xcconfig"; sourceTree = "<group>"; };
		F4040B5F233B4899009D3F3C /* SmartMove_Demo.app */ = {isa = PBXFileReference; explicitFileType = wrapper.application; includeInIndex = 0; path = SmartMove_Demo.app; sourceTree = BUILT_PRODUCTS_DIR; };
		F4040B62233B4899009D3F3C /* AppDelegate.swift */ = {isa = PBXFileReference; lastKnownFileType = sourcecode.swift; path = AppDelegate.swift; sourceTree = "<group>"; };
		F4040B66233B4899009D3F3C /* ViewController.swift */ = {isa = PBXFileReference; lastKnownFileType = sourcecode.swift; path = ViewController.swift; sourceTree = "<group>"; };
		F4040B69233B4899009D3F3C /* Base */ = {isa = PBXFileReference; lastKnownFileType = file.storyboard; name = Base; path = Base.lproj/Main.storyboard; sourceTree = "<group>"; };
		F4040B6B233B489B009D3F3C /* Assets.xcassets */ = {isa = PBXFileReference; lastKnownFileType = folder.assetcatalog; path = Assets.xcassets; sourceTree = "<group>"; };
		F4040B6E233B489B009D3F3C /* Base */ = {isa = PBXFileReference; lastKnownFileType = file.storyboard; name = Base; path = Base.lproj/LaunchScreen.storyboard; sourceTree = "<group>"; };
		F4040B70233B489B009D3F3C /* Info.plist */ = {isa = PBXFileReference; lastKnownFileType = text.plist.xml; path = Info.plist; sourceTree = "<group>"; };
		F4040B77233B4A6A009D3F3C /* Map.swift */ = {isa = PBXFileReference; lastKnownFileType = sourcecode.swift; path = Map.swift; sourceTree = "<group>"; };
		F4040B79233B4CF4009D3F3C /* SceneDelegate.swift */ = {isa = PBXFileReference; lastKnownFileType = sourcecode.swift; path = SceneDelegate.swift; sourceTree = "<group>"; };
		F4040B7B233B5040009D3F3C /* mapstyle.json */ = {isa = PBXFileReference; lastKnownFileType = text.json; path = mapstyle.json; sourceTree = "<group>"; };
		F4040B7D233B55B6009D3F3C /* MapPin.swift */ = {isa = PBXFileReference; lastKnownFileType = sourcecode.swift; path = MapPin.swift; sourceTree = "<group>"; };
		F4040B7F233B56C8009D3F3C /* point.json */ = {isa = PBXFileReference; lastKnownFileType = text.json; path = point.json; sourceTree = "<group>"; };
		F4040B83233B65DB009D3F3C /* PinLocations.swift */ = {isa = PBXFileReference; lastKnownFileType = sourcecode.swift; path = PinLocations.swift; sourceTree = "<group>"; };
		F4040B86233B8034009D3F3C /* DataManager.swift */ = {isa = PBXFileReference; lastKnownFileType = sourcecode.swift; path = DataManager.swift; sourceTree = "<group>"; };
		F4040B88233B976C009D3F3C /* CarItem.swift */ = {isa = PBXFileReference; lastKnownFileType = sourcecode.swift; path = CarItem.swift; sourceTree = "<group>"; };
		F42BB334233DFAF2006CD20C /* UIImage+Extension.swift */ = {isa = PBXFileReference; lastKnownFileType = sourcecode.swift; path = "UIImage+Extension.swift"; sourceTree = "<group>"; };
		F443F685234E01DE002877D7 /* Extension_GoogleMaps.swift */ = {isa = PBXFileReference; lastKnownFileType = sourcecode.swift; path = Extension_GoogleMaps.swift; sourceTree = "<group>"; };
		F46ABCCB2347614900DC4B78 /* RounterView.xib */ = {isa = PBXFileReference; lastKnownFileType = file.xib; path = RounterView.xib; sourceTree = "<group>"; };
		F46ABCCF234765B100DC4B78 /* RounterView.swift */ = {isa = PBXFileReference; lastKnownFileType = sourcecode.swift; path = RounterView.swift; sourceTree = "<group>"; };
		F47677722350889F00C2C297 /* SliderUpView.storyboard */ = {isa = PBXFileReference; lastKnownFileType = file.storyboard; path = SliderUpView.storyboard; sourceTree = "<group>"; };
		F4767774235088B000C2C297 /* SliderUpView.swift */ = {isa = PBXFileReference; lastKnownFileType = sourcecode.swift; path = SliderUpView.swift; sourceTree = "<group>"; };
		F4B327D4235095CA00416433 /* UIClosureActionClosure.swift */ = {isa = PBXFileReference; lastKnownFileType = sourcecode.swift; path = UIClosureActionClosure.swift; sourceTree = "<group>"; };
		F4EF004E233CC69400F3E4F9 /* GoogleMap.swift */ = {isa = PBXFileReference; lastKnownFileType = sourcecode.swift; path = GoogleMap.swift; sourceTree = "<group>"; };
		F4EF0050233CCDE000F3E4F9 /* style.json */ = {isa = PBXFileReference; lastKnownFileType = text.json; path = style.json; sourceTree = "<group>"; };
/* End PBXFileReference section */

/* Begin PBXFrameworksBuildPhase section */
		F4040B5C233B4899009D3F3C /* Frameworks */ = {
			isa = PBXFrameworksBuildPhase;
			buildActionMask = 2147483647;
			files = (
				26F87F274C612BC988C1243A /* Pods_SmartMove_Demo.framework in Frameworks */,
			);
			runOnlyForDeploymentPostprocessing = 0;
		};
/* End PBXFrameworksBuildPhase section */

/* Begin PBXGroup section */
		117F8BEB5C3F9C0F6FD0C838 /* Frameworks */ = {
			isa = PBXGroup;
			children = (
				C3F86EDBEA6D5C316AFDB77A /* Pods_SmartMove_Demo.framework */,
			);
			name = Frameworks;
			sourceTree = "<group>";
		};
		F4040B56233B4898009D3F3C = {
			isa = PBXGroup;
			children = (
				F4040B61233B4899009D3F3C /* SmartMove_Demo */,
				F4040B60233B4899009D3F3C /* Products */,
				F7208ADB4673BB0FB54C91A0 /* Pods */,
				117F8BEB5C3F9C0F6FD0C838 /* Frameworks */,
			);
			sourceTree = "<group>";
		};
		F4040B60233B4899009D3F3C /* Products */ = {
			isa = PBXGroup;
			children = (
				F4040B5F233B4899009D3F3C /* SmartMove_Demo.app */,
			);
			name = Products;
			sourceTree = "<group>";
		};
		F4040B61233B4899009D3F3C /* SmartMove_Demo */ = {
			isa = PBXGroup;
			children = (
				F4040B85233B8024009D3F3C /* DataManager */,
				F4EF004D233CC46B00F3E4F9 /* Map Google */,
				F4040B81233B58DD009D3F3C /* jsonFile */,
				F4040B76233B496E009D3F3C /* Map Apple */,
				F4040B62233B4899009D3F3C /* AppDelegate.swift */,
				F4040B66233B4899009D3F3C /* ViewController.swift */,
				F4040B68233B4899009D3F3C /* Main.storyboard */,
				F4040B6B233B489B009D3F3C /* Assets.xcassets */,
				F4040B6D233B489B009D3F3C /* LaunchScreen.storyboard */,
				F4040B70233B489B009D3F3C /* Info.plist */,
				F4040B79233B4CF4009D3F3C /* SceneDelegate.swift */,
			);
			path = SmartMove_Demo;
			sourceTree = "<group>";
		};
		F4040B76233B496E009D3F3C /* Map Apple */ = {
			isa = PBXGroup;
			children = (
				F4040B77233B4A6A009D3F3C /* Map.swift */,
				F4040B7D233B55B6009D3F3C /* MapPin.swift */,
				F4040B83233B65DB009D3F3C /* PinLocations.swift */,
				F4040B88233B976C009D3F3C /* CarItem.swift */,
			);
			path = "Map Apple";
			sourceTree = "<group>";
		};
		F4040B81233B58DD009D3F3C /* jsonFile */ = {
			isa = PBXGroup;
			children = (
				F4040B7F233B56C8009D3F3C /* point.json */,
				F4040B7B233B5040009D3F3C /* mapstyle.json */,
			);
			path = jsonFile;
			sourceTree = "<group>";
		};
		F4040B85233B8024009D3F3C /* DataManager */ = {
			isa = PBXGroup;
			children = (
				F4040B86233B8034009D3F3C /* DataManager.swift */,
			);
			path = DataManager;
			sourceTree = "<group>";
		};
		F47677712350884800C2C297 /* SliderUpView */ = {
			isa = PBXGroup;
			children = (
				F47677722350889F00C2C297 /* SliderUpView.storyboard */,
				F4767774235088B000C2C297 /* SliderUpView.swift */,
				F4B327D4235095CA00416433 /* UIClosureActionClosure.swift */,
			);
			path = SliderUpView;
			sourceTree = "<group>";
		};
		F4EF004D233CC46B00F3E4F9 /* Map Google */ = {
			isa = PBXGroup;
			children = (
				F47677712350884800C2C297 /* SliderUpView */,
				F4EF004E233CC69400F3E4F9 /* GoogleMap.swift */,
				F443F685234E01DE002877D7 /* Extension_GoogleMaps.swift */,
				F4EF0050233CCDE000F3E4F9 /* style.json */,
				F42BB334233DFAF2006CD20C /* UIImage+Extension.swift */,
				F46ABCCB2347614900DC4B78 /* RounterView.xib */,
				F46ABCCF234765B100DC4B78 /* RounterView.swift */,
			);
			path = "Map Google";
			sourceTree = "<group>";
		};
		F7208ADB4673BB0FB54C91A0 /* Pods */ = {
			isa = PBXGroup;
			children = (
				CD75BE82AD72DF99062CE3D2 /* Pods-SmartMove_Demo.debug.xcconfig */,
				87453B48DE9701353DAAE172 /* Pods-SmartMove_Demo.release.xcconfig */,
			);
			path = Pods;
			sourceTree = "<group>";
		};
/* End PBXGroup section */

/* Begin PBXNativeTarget section */
		F4040B5E233B4899009D3F3C /* SmartMove_Demo */ = {
			isa = PBXNativeTarget;
			buildConfigurationList = F4040B73233B489B009D3F3C /* Build configuration list for PBXNativeTarget "SmartMove_Demo" */;
			buildPhases = (
				DA06CD4722BFADC9A4C0E3EE /* [CP] Check Pods Manifest.lock */,
				F4040B5B233B4899009D3F3C /* Sources */,
				F4040B5C233B4899009D3F3C /* Frameworks */,
				F4040B5D233B4899009D3F3C /* Resources */,
				0F7273BDB99525F0DDAE14AB /* [CP] Embed Pods Frameworks */,
				DFBE1ACBD27440E7BD000518 /* [CP] Copy Pods Resources */,
			);
			buildRules = (
			);
			dependencies = (
			);
			name = SmartMove_Demo;
			productName = SmartMove_Demo;
			productReference = F4040B5F233B4899009D3F3C /* SmartMove_Demo.app */;
			productType = "com.apple.product-type.application";
		};
/* End PBXNativeTarget section */

/* Begin PBXProject section */
		F4040B57233B4898009D3F3C /* Project object */ = {
			isa = PBXProject;
			attributes = {
				LastSwiftUpdateCheck = 1100;
				LastUpgradeCheck = 1100;
				ORGANIZATIONNAME = "Valerii Melnykov";
				TargetAttributes = {
					F4040B5E233B4899009D3F3C = {
						CreatedOnToolsVersion = 11.0;
					};
				};
			};
			buildConfigurationList = F4040B5A233B4898009D3F3C /* Build configuration list for PBXProject "SmartMove_Demo" */;
			compatibilityVersion = "Xcode 9.3";
			developmentRegion = en;
			hasScannedForEncodings = 0;
			knownRegions = (
				en,
				Base,
			);
			mainGroup = F4040B56233B4898009D3F3C;
			productRefGroup = F4040B60233B4899009D3F3C /* Products */;
			projectDirPath = "";
			projectRoot = "";
			targets = (
				F4040B5E233B4899009D3F3C /* SmartMove_Demo */,
			);
		};
/* End PBXProject section */

/* Begin PBXResourcesBuildPhase section */
		F4040B5D233B4899009D3F3C /* Resources */ = {
			isa = PBXResourcesBuildPhase;
			buildActionMask = 2147483647;
			files = (
				F46ABCCC2347614900DC4B78 /* RounterView.xib in Resources */,
				F47677732350889F00C2C297 /* SliderUpView.storyboard in Resources */,
				F4EF0051233CCDE000F3E4F9 /* style.json in Resources */,
				F4040B7C233B5040009D3F3C /* mapstyle.json in Resources */,
				F4040B80233B56C8009D3F3C /* point.json in Resources */,
				F4040B6F233B489B009D3F3C /* LaunchScreen.storyboard in Resources */,
				F4040B6C233B489B009D3F3C /* Assets.xcassets in Resources */,
				F4040B6A233B4899009D3F3C /* Main.storyboard in Resources */,
			);
			runOnlyForDeploymentPostprocessing = 0;
		};
/* End PBXResourcesBuildPhase section */

/* Begin PBXShellScriptBuildPhase section */
		0F7273BDB99525F0DDAE14AB /* [CP] Embed Pods Frameworks */ = {
			isa = PBXShellScriptBuildPhase;
			buildActionMask = 2147483647;
			files = (
			);
			inputFileListPaths = (
				"${PODS_ROOT}/Target Support Files/Pods-SmartMove_Demo/Pods-SmartMove_Demo-frameworks-${CONFIGURATION}-input-files.xcfilelist",
			);
			name = "[CP] Embed Pods Frameworks";
			outputFileListPaths = (
				"${PODS_ROOT}/Target Support Files/Pods-SmartMove_Demo/Pods-SmartMove_Demo-frameworks-${CONFIGURATION}-output-files.xcfilelist",
			);
			runOnlyForDeploymentPostprocessing = 0;
			shellPath = /bin/sh;
			shellScript = "\"${PODS_ROOT}/Target Support Files/Pods-SmartMove_Demo/Pods-SmartMove_Demo-frameworks.sh\"\n";
			showEnvVarsInLog = 0;
		};
		DA06CD4722BFADC9A4C0E3EE /* [CP] Check Pods Manifest.lock */ = {
			isa = PBXShellScriptBuildPhase;
			buildActionMask = 2147483647;
			files = (
			);
			inputFileListPaths = (
			);
			inputPaths = (
				"${PODS_PODFILE_DIR_PATH}/Podfile.lock",
				"${PODS_ROOT}/Manifest.lock",
			);
			name = "[CP] Check Pods Manifest.lock";
			outputFileListPaths = (
			);
			outputPaths = (
				"$(DERIVED_FILE_DIR)/Pods-SmartMove_Demo-checkManifestLockResult.txt",
			);
			runOnlyForDeploymentPostprocessing = 0;
			shellPath = /bin/sh;
			shellScript = "diff \"${PODS_PODFILE_DIR_PATH}/Podfile.lock\" \"${PODS_ROOT}/Manifest.lock\" > /dev/null\nif [ $? != 0 ] ; then\n    # print error to STDERR\n    echo \"error: The sandbox is not in sync with the Podfile.lock. Run 'pod install' or update your CocoaPods installation.\" >&2\n    exit 1\nfi\n# This output is used by Xcode 'outputs' to avoid re-running this script phase.\necho \"SUCCESS\" > \"${SCRIPT_OUTPUT_FILE_0}\"\n";
			showEnvVarsInLog = 0;
		};
		DFBE1ACBD27440E7BD000518 /* [CP] Copy Pods Resources */ = {
			isa = PBXShellScriptBuildPhase;
			buildActionMask = 2147483647;
			files = (
			);
			inputFileListPaths = (
				"${PODS_ROOT}/Target Support Files/Pods-SmartMove_Demo/Pods-SmartMove_Demo-resources-${CONFIGURATION}-input-files.xcfilelist",
			);
			name = "[CP] Copy Pods Resources";
			outputFileListPaths = (
				"${PODS_ROOT}/Target Support Files/Pods-SmartMove_Demo/Pods-SmartMove_Demo-resources-${CONFIGURATION}-output-files.xcfilelist",
			);
			runOnlyForDeploymentPostprocessing = 0;
			shellPath = /bin/sh;
			shellScript = "\"${PODS_ROOT}/Target Support Files/Pods-SmartMove_Demo/Pods-SmartMove_Demo-resources.sh\"\n";
			showEnvVarsInLog = 0;
		};
/* End PBXShellScriptBuildPhase section */

/* Begin PBXSourcesBuildPhase section */
		F4040B5B233B4899009D3F3C /* Sources */ = {
			isa = PBXSourcesBuildPhase;
			buildActionMask = 2147483647;
			files = (
				F4040B67233B4899009D3F3C /* ViewController.swift in Sources */,
				F4040B7E233B55B6009D3F3C /* MapPin.swift in Sources */,
				F4040B89233B976C009D3F3C /* CarItem.swift in Sources */,
				F4040B84233B65DB009D3F3C /* PinLocations.swift in Sources */,
				F4EF004F233CC69400F3E4F9 /* GoogleMap.swift in Sources */,
				F4040B87233B8034009D3F3C /* DataManager.swift in Sources */,
				F4767775235088B000C2C297 /* SliderUpView.swift in Sources */,
				F4040B63233B4899009D3F3C /* AppDelegate.swift in Sources */,
				F443F686234E01DE002877D7 /* Extension_GoogleMaps.swift in Sources */,
				F42BB335233DFAF3006CD20C /* UIImage+Extension.swift in Sources */,
				F46ABCD0234765B100DC4B78 /* RounterView.swift in Sources */,
				F4B327D5235095CA00416433 /* UIClosureActionClosure.swift in Sources */,
				F4040B78233B4A6A009D3F3C /* Map.swift in Sources */,
				F4040B7A233B4CF4009D3F3C /* SceneDelegate.swift in Sources */,
			);
			runOnlyForDeploymentPostprocessing = 0;
		};
/* End PBXSourcesBuildPhase section */

/* Begin PBXVariantGroup section */
		F4040B68233B4899009D3F3C /* Main.storyboard */ = {
			isa = PBXVariantGroup;
			children = (
				F4040B69233B4899009D3F3C /* Base */,
			);
			name = Main.storyboard;
			sourceTree = "<group>";
		};
		F4040B6D233B489B009D3F3C /* LaunchScreen.storyboard */ = {
			isa = PBXVariantGroup;
			children = (
				F4040B6E233B489B009D3F3C /* Base */,
			);
			name = LaunchScreen.storyboard;
			sourceTree = "<group>";
		};
/* End PBXVariantGroup section */

/* Begin XCBuildConfiguration section */
		F4040B71233B489B009D3F3C /* Debug */ = {
			isa = XCBuildConfiguration;
			buildSettings = {
				ALWAYS_SEARCH_USER_PATHS = NO;
				CLANG_ANALYZER_NONNULL = YES;
				CLANG_ANALYZER_NUMBER_OBJECT_CONVERSION = YES_AGGRESSIVE;
				CLANG_CXX_LANGUAGE_STANDARD = "gnu++14";
				CLANG_CXX_LIBRARY = "libc++";
				CLANG_ENABLE_MODULES = YES;
				CLANG_ENABLE_OBJC_ARC = YES;
				CLANG_ENABLE_OBJC_WEAK = YES;
				CLANG_WARN_BLOCK_CAPTURE_AUTORELEASING = YES;
				CLANG_WARN_BOOL_CONVERSION = YES;
				CLANG_WARN_COMMA = YES;
				CLANG_WARN_CONSTANT_CONVERSION = YES;
				CLANG_WARN_DEPRECATED_OBJC_IMPLEMENTATIONS = YES;
				CLANG_WARN_DIRECT_OBJC_ISA_USAGE = YES_ERROR;
				CLANG_WARN_DOCUMENTATION_COMMENTS = YES;
				CLANG_WARN_EMPTY_BODY = YES;
				CLANG_WARN_ENUM_CONVERSION = YES;
				CLANG_WARN_INFINITE_RECURSION = YES;
				CLANG_WARN_INT_CONVERSION = YES;
				CLANG_WARN_NON_LITERAL_NULL_CONVERSION = YES;
				CLANG_WARN_OBJC_IMPLICIT_RETAIN_SELF = YES;
				CLANG_WARN_OBJC_LITERAL_CONVERSION = YES;
				CLANG_WARN_OBJC_ROOT_CLASS = YES_ERROR;
				CLANG_WARN_RANGE_LOOP_ANALYSIS = YES;
				CLANG_WARN_STRICT_PROTOTYPES = YES;
				CLANG_WARN_SUSPICIOUS_MOVE = YES;
				CLANG_WARN_UNGUARDED_AVAILABILITY = YES_AGGRESSIVE;
				CLANG_WARN_UNREACHABLE_CODE = YES;
				CLANG_WARN__DUPLICATE_METHOD_MATCH = YES;
				COPY_PHASE_STRIP = NO;
				DEBUG_INFORMATION_FORMAT = dwarf;
				ENABLE_STRICT_OBJC_MSGSEND = YES;
				ENABLE_TESTABILITY = YES;
				GCC_C_LANGUAGE_STANDARD = gnu11;
				GCC_DYNAMIC_NO_PIC = NO;
				GCC_NO_COMMON_BLOCKS = YES;
				GCC_OPTIMIZATION_LEVEL = 0;
				GCC_PREPROCESSOR_DEFINITIONS = (
					"DEBUG=1",
					"$(inherited)",
				);
				GCC_WARN_64_TO_32_BIT_CONVERSION = YES;
				GCC_WARN_ABOUT_RETURN_TYPE = YES_ERROR;
				GCC_WARN_UNDECLARED_SELECTOR = YES;
				GCC_WARN_UNINITIALIZED_AUTOS = YES_AGGRESSIVE;
				GCC_WARN_UNUSED_FUNCTION = YES;
				GCC_WARN_UNUSED_VARIABLE = YES;
				IPHONEOS_DEPLOYMENT_TARGET = 11.0;
				MTL_ENABLE_DEBUG_INFO = INCLUDE_SOURCE;
				MTL_FAST_MATH = YES;
				ONLY_ACTIVE_ARCH = YES;
				SDKROOT = iphoneos;
				SWIFT_ACTIVE_COMPILATION_CONDITIONS = DEBUG;
				SWIFT_OPTIMIZATION_LEVEL = "-Onone";
			};
			name = Debug;
		};
		F4040B72233B489B009D3F3C /* Release */ = {
			isa = XCBuildConfiguration;
			buildSettings = {
				ALWAYS_SEARCH_USER_PATHS = NO;
				CLANG_ANALYZER_NONNULL = YES;
				CLANG_ANALYZER_NUMBER_OBJECT_CONVERSION = YES_AGGRESSIVE;
				CLANG_CXX_LANGUAGE_STANDARD = "gnu++14";
				CLANG_CXX_LIBRARY = "libc++";
				CLANG_ENABLE_MODULES = YES;
				CLANG_ENABLE_OBJC_ARC = YES;
				CLANG_ENABLE_OBJC_WEAK = YES;
				CLANG_WARN_BLOCK_CAPTURE_AUTORELEASING = YES;
				CLANG_WARN_BOOL_CONVERSION = YES;
				CLANG_WARN_COMMA = YES;
				CLANG_WARN_CONSTANT_CONVERSION = YES;
				CLANG_WARN_DEPRECATED_OBJC_IMPLEMENTATIONS = YES;
				CLANG_WARN_DIRECT_OBJC_ISA_USAGE = YES_ERROR;
				CLANG_WARN_DOCUMENTATION_COMMENTS = YES;
				CLANG_WARN_EMPTY_BODY = YES;
				CLANG_WARN_ENUM_CONVERSION = YES;
				CLANG_WARN_INFINITE_RECURSION = YES;
				CLANG_WARN_INT_CONVERSION = YES;
				CLANG_WARN_NON_LITERAL_NULL_CONVERSION = YES;
				CLANG_WARN_OBJC_IMPLICIT_RETAIN_SELF = YES;
				CLANG_WARN_OBJC_LITERAL_CONVERSION = YES;
				CLANG_WARN_OBJC_ROOT_CLASS = YES_ERROR;
				CLANG_WARN_RANGE_LOOP_ANALYSIS = YES;
				CLANG_WARN_STRICT_PROTOTYPES = YES;
				CLANG_WARN_SUSPICIOUS_MOVE = YES;
				CLANG_WARN_UNGUARDED_AVAILABILITY = YES_AGGRESSIVE;
				CLANG_WARN_UNREACHABLE_CODE = YES;
				CLANG_WARN__DUPLICATE_METHOD_MATCH = YES;
				COPY_PHASE_STRIP = NO;
				DEBUG_INFORMATION_FORMAT = "dwarf-with-dsym";
				ENABLE_NS_ASSERTIONS = NO;
				ENABLE_STRICT_OBJC_MSGSEND = YES;
				GCC_C_LANGUAGE_STANDARD = gnu11;
				GCC_NO_COMMON_BLOCKS = YES;
				GCC_WARN_64_TO_32_BIT_CONVERSION = YES;
				GCC_WARN_ABOUT_RETURN_TYPE = YES_ERROR;
				GCC_WARN_UNDECLARED_SELECTOR = YES;
				GCC_WARN_UNINITIALIZED_AUTOS = YES_AGGRESSIVE;
				GCC_WARN_UNUSED_FUNCTION = YES;
				GCC_WARN_UNUSED_VARIABLE = YES;
				IPHONEOS_DEPLOYMENT_TARGET = 11.0;
				MTL_ENABLE_DEBUG_INFO = NO;
				MTL_FAST_MATH = YES;
				SDKROOT = iphoneos;
				SWIFT_COMPILATION_MODE = wholemodule;
				SWIFT_OPTIMIZATION_LEVEL = "-O";
				VALIDATE_PRODUCT = YES;
			};
			name = Release;
		};
		F4040B74233B489B009D3F3C /* Debug */ = {
			isa = XCBuildConfiguration;
			baseConfigurationReference = CD75BE82AD72DF99062CE3D2 /* Pods-SmartMove_Demo.debug.xcconfig */;
			buildSettings = {
				ASSETCATALOG_COMPILER_APPICON_NAME = AppIcon;
				CODE_SIGN_STYLE = Automatic;
				DEVELOPMENT_TEAM = 9FTSUFWMRT;
				INFOPLIST_FILE = SmartMove_Demo/Info.plist;
				IPHONEOS_DEPLOYMENT_TARGET = 11.0;
				LD_RUNPATH_SEARCH_PATHS = (
					"$(inherited)",
					"@executable_path/Frameworks",
				);
				PRODUCT_BUNDLE_IDENTIFIER = "com.iquantis.SmartMove-Demo";
				PRODUCT_NAME = "$(TARGET_NAME)";
				SWIFT_VERSION = 5.0;
				TARGETED_DEVICE_FAMILY = 1;
			};
			name = Debug;
		};
		F4040B75233B489B009D3F3C /* Release */ = {
			isa = XCBuildConfiguration;
			baseConfigurationReference = 87453B48DE9701353DAAE172 /* Pods-SmartMove_Demo.release.xcconfig */;
			buildSettings = {
				ASSETCATALOG_COMPILER_APPICON_NAME = AppIcon;
				CODE_SIGN_STYLE = Automatic;
				DEVELOPMENT_TEAM = 9FTSUFWMRT;
				INFOPLIST_FILE = SmartMove_Demo/Info.plist;
				IPHONEOS_DEPLOYMENT_TARGET = 11.0;
				LD_RUNPATH_SEARCH_PATHS = (
					"$(inherited)",
					"@executable_path/Frameworks",
				);
				PRODUCT_BUNDLE_IDENTIFIER = "com.iquantis.SmartMove-Demo";
				PRODUCT_NAME = "$(TARGET_NAME)";
				SWIFT_VERSION = 5.0;
				TARGETED_DEVICE_FAMILY = 1;
			};
			name = Release;
		};
/* End XCBuildConfiguration section */

/* Begin XCConfigurationList section */
		F4040B5A233B4898009D3F3C /* Build configuration list for PBXProject "SmartMove_Demo" */ = {
			isa = XCConfigurationList;
			buildConfigurations = (
				F4040B71233B489B009D3F3C /* Debug */,
				F4040B72233B489B009D3F3C /* Release */,
			);
			defaultConfigurationIsVisible = 0;
			defaultConfigurationName = Release;
		};
		F4040B73233B489B009D3F3C /* Build configuration list for PBXNativeTarget "SmartMove_Demo" */ = {
			isa = XCConfigurationList;
			buildConfigurations = (
				F4040B74233B489B009D3F3C /* Debug */,
				F4040B75233B489B009D3F3C /* Release */,
			);
			defaultConfigurationIsVisible = 0;
			defaultConfigurationName = Release;
		};
/* End XCConfigurationList section */
	};
	rootObject = F4040B57233B4898009D3F3C /* Project object */;
}
