PODS:
  - FittedSheets (1.4.5)
  - GoogleMaps (3.4.0):
    - GoogleMaps/Maps (= 3.4.0)
  - GoogleMaps/Base (3.4.0)
  - GoogleMaps/Maps (3.4.0):
    - GoogleMaps/Base
  - GooglePlaces (3.4.0):
    - GoogleMaps/Base (= 3.4.0)
  - MapKitGoogleStyler (0.1.1)

DEPENDENCIES:
  - FittedSheets
  - GoogleMaps
  - GooglePlaces
  - MapKitGoogleStyler

SPEC REPOS:
  https://github.com/CocoaPods/Specs.git:
    - GoogleMaps
    - GooglePlaces
    - MapKitGoogleStyler
  trunk:
    - FittedSheets

SPEC CHECKSUMS:
  FittedSheets: 7f754c9f6fb4ea330cbc57c652b594255f2a6819
  GoogleMaps: 67f4a604f80dd6a22d09c2a507a3a395b9f23060
  GooglePlaces: 7547289e3fffc8980f4a027be99888e29d59b15d
  MapKitGoogleStyler: 8efdceb664fc1748a62a9e3b50a34b67a34247bc

PODFILE CHECKSUM: 1d51425498d7e285dec7ef103e5f8bff541f1e33

COCOAPODS: 1.8.3
